
Microsoft Visual Studio Solution File, Format Version 12.00
# Visual Studio Version 17
VisualStudioVersion = 17.4.33205.214
MinimumVisualStudioVersion = 10.0.40219.1
Project("{9A19103F-16F7-4668-BE54-9A1E7A4F7556}") = "ZSSN-Octoco_technical_assessment", "ZSSN-Octoco_technical_assessment.csproj", "{3B27D551-A723-45E9-A632-9ACC06FD0F4B}"
EndProject
Project("{2150E333-8FDC-42A3-9474-1A3956D46DE8}") = "Api", "Api", "{4F997765-747F-4432-8678-5A9BA871E62C}"
EndProject
Project("{FAE04EC0-301F-11D3-BF4B-00C04F79EFBC}") = "SurvivorTests", "SurvivorTests\SurvivorTests\SurvivorTests.csproj", "{B99C0138-6156-4B7E-8BDE-CB5BEF2D4C4A}"
EndProject
Global
	GlobalSection(SolutionConfigurationPlatforms) = preSolution
		Debug|Any CPU = Debug|Any CPU
		Release|Any CPU = Release|Any CPU
	EndGlobalSection
	GlobalSection(ProjectConfigurationPlatforms) = postSolution
		{3B27D551-A723-45E9-A632-9ACC06FD0F4B}.Debug|Any CPU.ActiveCfg = Debug|Any CPU
		{3B27D551-A723-45E9-A632-9ACC06FD0F4B}.Debug|Any CPU.Build.0 = Debug|Any CPU
		{3B27D551-A723-45E9-A632-9ACC06FD0F4B}.Release|Any CPU.ActiveCfg = Release|Any CPU
		{3B27D551-A723-45E9-A632-9ACC06FD0F4B}.Release|Any CPU.Build.0 = Release|Any CPU
		{B99C0138-6156-4B7E-8BDE-CB5BEF2D4C4A}.Debug|Any CPU.ActiveCfg = Debug|Any CPU
		{B99C0138-6156-4B7E-8BDE-CB5BEF2D4C4A}.Debug|Any CPU.Build.0 = Debug|Any CPU
		{B99C0138-6156-4B7E-8BDE-CB5BEF2D4C4A}.Release|Any CPU.ActiveCfg = Release|Any CPU
		{B99C0138-6156-4B7E-8BDE-CB5BEF2D4C4A}.Release|Any CPU.Build.0 = Release|Any CPU
	EndGlobalSection
	GlobalSection(SolutionProperties) = preSolution
		HideSolutionNode = FALSE
	EndGlobalSection
	GlobalSection(NestedProjects) = preSolution
		{3B27D551-A723-45E9-A632-9ACC06FD0F4B} = {4F997765-747F-4432-8678-5A9BA871E62C}
	EndGlobalSection
	GlobalSection(ExtensibilityGlobals) = postSolution
		SolutionGuid = {C80F30F0-6DC4-4A5E-B17D-64FD620FEFCB}
	EndGlobalSection
EndGlobal
